{
  "version": 4,
  "terraform_version": "1.9.5",
  "serial": 62,
  "lineage": "5bfc7d20-97ff-8f0f-9263-11570d9385ca",
  "outputs": {},
  "resources": [
    {
      "mode": "managed",
      "type": "azurerm_app_service_virtual_network_swift_connection",
      "name": "WEBAPP_VNET_Integration",
      "provider": "provider[\"registry.terraform.io/hashicorp/azurerm\"]",
      "instances": [
        {
          "schema_version": 0,
          "attributes": {
            "app_service_id": "/subscriptions/e43ccb45-8ab5-48fe-b42b-1ecd47ed0f76/resourceGroups/WebRG/providers/Microsoft.Web/sites/Bastawisiwebapp",
            "id": "/subscriptions/e43ccb45-8ab5-48fe-b42b-1ecd47ed0f76/resourceGroups/WebRG/providers/Microsoft.Web/sites/Bastawisiwebapp/config/virtualNetwork",
            "subnet_id": "/subscriptions/e43ccb45-8ab5-48fe-b42b-1ecd47ed0f76/resourceGroups/WebRG/providers/Microsoft.Network/virtualNetworks/MyVnet/subnets/IntegrationSubnet",
            "timeouts": null
          },
          "sensitive_attributes": [],
          "private": "eyJlMmJmYjczMC1lY2FhLTExZTYtOGY4OC0zNDM2M2JjN2M0YzAiOnsiY3JlYXRlIjoxODAwMDAwMDAwMDAwLCJkZWxldGUiOjE4MDAwMDAwMDAwMDAsInJlYWQiOjMwMDAwMDAwMDAwMCwidXBkYXRlIjoxODAwMDAwMDAwMDAwfX0=",
          "dependencies": [
            "azurerm_application_insights.MyAppinsights",
            "azurerm_log_analytics_workspace.MyworkSpace",
            "azurerm_mssql_database.MySQLDB",
            "azurerm_mssql_server.MySQLServer",
            "azurerm_resource_group.MyRG",
            "azurerm_service_plan.MyServicePlan",
            "azurerm_subnet.IntegrationSubnet",
            "azurerm_virtual_network.MyVNET",
            "azurerm_windows_web_app.MyWebApp"
          ]
        }
      ]
    },
    {
      "mode": "managed",
      "type": "azurerm_application_insights",
      "name": "MyAppinsights",
      "provider": "provider[\"registry.terraform.io/hashicorp/azurerm\"]",
      "instances": [
        {
          "schema_version": 2,
          "attributes": {
            "app_id": "48aaafac-c0bf-487a-afe6-2c025c51f0fc",
            "application_type": "web",
            "connection_string": "InstrumentationKey=37b037da-137a-40ef-8932-91fa7c65335a;IngestionEndpoint=https://francecentral-1.in.applicationinsights.azure.com/;LiveEndpoint=https://francecentral.livediagnostics.monitor.azure.com/;ApplicationId=48aaafac-c0bf-487a-afe6-2c025c51f0fc",
            "daily_data_cap_in_gb": 100,
            "daily_data_cap_notifications_disabled": false,
            "disable_ip_masking": false,
            "force_customer_storage_for_profiler": false,
            "id": "/subscriptions/e43ccb45-8ab5-48fe-b42b-1ecd47ed0f76/resourceGroups/WebRG/providers/Microsoft.Insights/components/appinsights",
            "instrumentation_key": "37b037da-137a-40ef-8932-91fa7c65335a",
            "internet_ingestion_enabled": true,
            "internet_query_enabled": true,
            "local_authentication_disabled": false,
            "location": "francecentral",
            "name": "appinsights",
            "resource_group_name": "WebRG",
            "retention_in_days": 90,
            "sampling_percentage": 100,
            "tags": {},
            "timeouts": null,
            "workspace_id": "/subscriptions/e43ccb45-8ab5-48fe-b42b-1ecd47ed0f76/resourceGroups/WebRG/providers/Microsoft.OperationalInsights/workspaces/appworkspace"
          },
          "sensitive_attributes": [
            [
              {
                "type": "get_attr",
                "value": "instrumentation_key"
              }
            ],
            [
              {
                "type": "get_attr",
                "value": "connection_string"
              }
            ]
          ],
          "private": "eyJlMmJmYjczMC1lY2FhLTExZTYtOGY4OC0zNDM2M2JjN2M0YzAiOnsiY3JlYXRlIjozNjAwMDAwMDAwMDAwLCJkZWxldGUiOjE4MDAwMDAwMDAwMDAsInJlYWQiOjMwMDAwMDAwMDAwMCwidXBkYXRlIjoxODAwMDAwMDAwMDAwfSwic2NoZW1hX3ZlcnNpb24iOiIyIn0=",
          "dependencies": [
            "azurerm_log_analytics_workspace.MyworkSpace",
            "azurerm_resource_group.MyRG"
          ]
        }
      ]
    },
    {
      "mode": "managed",
      "type": "azurerm_log_analytics_workspace",
      "name": "MyworkSpace",
      "provider": "provider[\"registry.terraform.io/hashicorp/azurerm\"]",
      "instances": [
        {
          "schema_version": 3,
          "attributes": {
            "allow_resource_only_permissions": true,
            "cmk_for_query_forced": false,
            "daily_quota_gb": -1,
            "data_collection_rule_id": "",
            "id": "/subscriptions/e43ccb45-8ab5-48fe-b42b-1ecd47ed0f76/resourceGroups/WebRG/providers/Microsoft.OperationalInsights/workspaces/appworkspace",
            "identity": [],
            "immediate_data_purge_on_30_days_enabled": false,
            "internet_ingestion_enabled": true,
            "internet_query_enabled": true,
            "local_authentication_disabled": false,
            "location": "francecentral",
            "name": "appworkspace",
            "primary_shared_key": "Edf3DZEBBUPwWoNk0j+sF3/4HvwsR0NYzGPwvSghRw6ipH7tXPQVIT3bPCNusFrktxcOn5YgJZOvuJGJOhyVDQ==",
            "reservation_capacity_in_gb_per_day": null,
            "resource_group_name": "WebRG",
            "retention_in_days": 30,
            "secondary_shared_key": "rYIRouP8+PC7F65F58LIVUxWBi8+aXQkCYvtwgl9OJs9MVZuPadNhvzB3W2RZtLDX/GnVuPbcPPObp/2fDlF0A==",
            "sku": "PerGB2018",
            "tags": {},
            "timeouts": null,
            "workspace_id": "d0b644fc-053d-4c2b-ab80-b68d3dd4199d"
          },
          "sensitive_attributes": [
            [
              {
                "type": "get_attr",
                "value": "primary_shared_key"
              }
            ],
            [
              {
                "type": "get_attr",
                "value": "secondary_shared_key"
              }
            ]
          ],
          "private": "eyJlMmJmYjczMC1lY2FhLTExZTYtOGY4OC0zNDM2M2JjN2M0YzAiOnsiY3JlYXRlIjoxODAwMDAwMDAwMDAwLCJkZWxldGUiOjE4MDAwMDAwMDAwMDAsInJlYWQiOjMwMDAwMDAwMDAwMCwidXBkYXRlIjoxODAwMDAwMDAwMDAwfSwic2NoZW1hX3ZlcnNpb24iOiIzIn0=",
          "dependencies": [
            "azurerm_resource_group.MyRG"
          ]
        }
      ]
    },
    {
      "mode": "managed",
      "type": "azurerm_log_analytics_workspace",
      "name": "SQLWorkSpace",
      "provider": "provider[\"registry.terraform.io/hashicorp/azurerm\"]",
      "instances": [
        {
          "schema_version": 3,
          "attributes": {
            "allow_resource_only_permissions": true,
            "cmk_for_query_forced": false,
            "daily_quota_gb": -1,
            "data_collection_rule_id": "",
            "id": "/subscriptions/e43ccb45-8ab5-48fe-b42b-1ecd47ed0f76/resourceGroups/WebRG/providers/Microsoft.OperationalInsights/workspaces/SQLWorkSpace",
            "identity": [],
            "immediate_data_purge_on_30_days_enabled": false,
            "internet_ingestion_enabled": true,
            "internet_query_enabled": true,
            "local_authentication_disabled": false,
            "location": "francecentral",
            "name": "SQLWorkSpace",
            "primary_shared_key": "W1unPi/bebs/QTXzPJZgrrQKNeaKhIkYVq2IjL+/yfnStlHgs9JXDdPzKGipkR0pXeSANTenxYEzZfs6+4ke8g==",
            "reservation_capacity_in_gb_per_day": null,
            "resource_group_name": "WebRG",
            "retention_in_days": 30,
            "secondary_shared_key": "cfRuiYrygGEVBG6w0YuXBcnjMehhwFa4PX8u5JVLtuN+/FTp3xeMXhoAETAftOirN2X8TBtlS2il+QBiKl6YUg==",
            "sku": "PerGB2018",
            "tags": {},
            "timeouts": null,
            "workspace_id": "91fa1324-009e-4d88-b0ec-af645110c7c7"
          },
          "sensitive_attributes": [
            [
              {
                "type": "get_attr",
                "value": "secondary_shared_key"
              }
            ],
            [
              {
                "type": "get_attr",
                "value": "primary_shared_key"
              }
            ]
          ],
          "private": "eyJlMmJmYjczMC1lY2FhLTExZTYtOGY4OC0zNDM2M2JjN2M0YzAiOnsiY3JlYXRlIjoxODAwMDAwMDAwMDAwLCJkZWxldGUiOjE4MDAwMDAwMDAwMDAsInJlYWQiOjMwMDAwMDAwMDAwMCwidXBkYXRlIjoxODAwMDAwMDAwMDAwfSwic2NoZW1hX3ZlcnNpb24iOiIzIn0=",
          "dependencies": [
            "azurerm_resource_group.MyRG"
          ]
        }
      ]
    },
    {
      "mode": "managed",
      "type": "azurerm_monitor_diagnostic_setting",
      "name": "diag",
      "provider": "provider[\"registry.terraform.io/hashicorp/azurerm\"]",
      "instances": [
        {
          "schema_version": 0,
          "attributes": {
            "enabled_log": [
              {
                "category": "SQLSecurityAuditEvents",
                "category_group": "",
                "retention_policy": [
                  {
                    "days": 0,
                    "enabled": false
                  }
                ]
              }
            ],
            "eventhub_authorization_rule_id": "",
            "eventhub_name": "",
            "id": "/subscriptions/e43ccb45-8ab5-48fe-b42b-1ecd47ed0f76/resourceGroups/WebRG/providers/Microsoft.Sql/servers/bastawisisqlserver/databases/SP|SP-diag-setting",
            "log_analytics_destination_type": "",
            "log_analytics_workspace_id": "/subscriptions/e43ccb45-8ab5-48fe-b42b-1ecd47ed0f76/resourceGroups/WebRG/providers/Microsoft.OperationalInsights/workspaces/SQLWorkSpace",
            "metric": [
              {
                "category": "AllMetrics",
                "enabled": true,
                "retention_policy": []
              }
            ],
            "name": "SP-diag-setting",
            "partner_solution_id": null,
            "storage_account_id": null,
            "target_resource_id": "/subscriptions/e43ccb45-8ab5-48fe-b42b-1ecd47ed0f76/resourceGroups/WebRG/providers/Microsoft.Sql/servers/bastawisisqlserver/databases/SP",
            "timeouts": null
          },
          "sensitive_attributes": [],
          "private": "eyJlMmJmYjczMC1lY2FhLTExZTYtOGY4OC0zNDM2M2JjN2M0YzAiOnsiY3JlYXRlIjoxODAwMDAwMDAwMDAwLCJkZWxldGUiOjM2MDAwMDAwMDAwMDAsInJlYWQiOjMwMDAwMDAwMDAwMCwidXBkYXRlIjoxODAwMDAwMDAwMDAwfX0=",
          "dependencies": [
            "azurerm_log_analytics_workspace.SQLWorkSpace",
            "azurerm_mssql_database.MySQLDB",
            "azurerm_mssql_server.MySQLServer",
            "azurerm_resource_group.MyRG"
          ]
        }
      ]
    },
    {
      "mode": "managed",
      "type": "azurerm_mssql_database",
      "name": "MySQLDB",
      "provider": "provider[\"registry.terraform.io/hashicorp/azurerm\"]",
      "instances": [
        {
          "schema_version": 1,
          "attributes": {
            "auto_pause_delay_in_minutes": 0,
            "collation": "SQL_Latin1_General_CP1_CI_AS",
            "create_mode": "Default",
            "creation_source_database_id": null,
            "elastic_pool_id": "",
            "enclave_type": "",
            "geo_backup_enabled": true,
            "id": "/subscriptions/e43ccb45-8ab5-48fe-b42b-1ecd47ed0f76/resourceGroups/WebRG/providers/Microsoft.Sql/servers/bastawisisqlserver/databases/SP",
            "identity": [],
            "import": [],
            "ledger_enabled": false,
            "license_type": "LicenseIncluded",
            "long_term_retention_policy": [
              {
                "monthly_retention": "PT0S",
                "week_of_year": 1,
                "weekly_retention": "PT0S",
                "yearly_retention": "PT0S"
              }
            ],
            "maintenance_configuration_name": "SQL_Default",
            "max_size_gb": 2,
            "min_capacity": 0,
            "name": "SP",
            "read_replica_count": 0,
            "read_scale": false,
            "recover_database_id": null,
            "recovery_point_id": null,
            "restore_dropped_database_id": null,
            "restore_long_term_retention_backup_id": null,
            "restore_point_in_time": null,
            "sample_name": null,
            "secondary_type": "",
            "server_id": "/subscriptions/e43ccb45-8ab5-48fe-b42b-1ecd47ed0f76/resourceGroups/WebRG/providers/Microsoft.Sql/servers/bastawisisqlserver",
            "short_term_retention_policy": [
              {
                "backup_interval_in_hours": 24,
                "retention_days": 7
              }
            ],
            "sku_name": "Basic",
            "storage_account_type": "Geo",
            "tags": {},
            "threat_detection_policy": [
              {
                "disabled_alerts": [],
                "email_account_admins": "Disabled",
                "email_addresses": [],
                "retention_days": 0,
                "state": "Disabled",
                "storage_account_access_key": "",
                "storage_endpoint": ""
              }
            ],
            "timeouts": null,
            "transparent_data_encryption_enabled": true,
            "transparent_data_encryption_key_automatic_rotation_enabled": false,
            "transparent_data_encryption_key_vault_key_id": "",
            "zone_redundant": false
          },
          "sensitive_attributes": [
            [
              {
                "type": "get_attr",
                "value": "threat_detection_policy"
              },
              {
                "type": "index",
                "value": {
                  "value": 0,
                  "type": "number"
                }
              },
              {
                "type": "get_attr",
                "value": "storage_account_access_key"
              }
            ]
          ],
          "private": "eyJlMmJmYjczMC1lY2FhLTExZTYtOGY4OC0zNDM2M2JjN2M0YzAiOnsiY3JlYXRlIjozNjAwMDAwMDAwMDAwLCJkZWxldGUiOjM2MDAwMDAwMDAwMDAsInJlYWQiOjMwMDAwMDAwMDAwMCwidXBkYXRlIjozNjAwMDAwMDAwMDAwfSwic2NoZW1hX3ZlcnNpb24iOiIxIn0=",
          "dependencies": [
            "azurerm_mssql_server.MySQLServer",
            "azurerm_resource_group.MyRG"
          ]
        }
      ]
    },
    {
      "mode": "managed",
      "type": "azurerm_mssql_database_extended_auditing_policy",
      "name": "SQLAuditing",
      "provider": "provider[\"registry.terraform.io/hashicorp/azurerm\"]",
      "instances": [
        {
          "schema_version": 0,
          "attributes": {
            "database_id": "/subscriptions/e43ccb45-8ab5-48fe-b42b-1ecd47ed0f76/resourceGroups/WebRG/providers/Microsoft.Sql/servers/bastawisisqlserver/databases/SP",
            "enabled": true,
            "id": "/subscriptions/e43ccb45-8ab5-48fe-b42b-1ecd47ed0f76/resourceGroups/WebRG/providers/Microsoft.Sql/servers/bastawisisqlserver/databases/SP/extendedAuditingSettings/Default",
            "log_monitoring_enabled": true,
            "retention_in_days": 0,
            "storage_account_access_key": null,
            "storage_account_access_key_is_secondary": false,
            "storage_endpoint": "",
            "timeouts": null
          },
          "sensitive_attributes": [
            [
              {
                "type": "get_attr",
                "value": "storage_account_access_key"
              }
            ]
          ],
          "private": "eyJlMmJmYjczMC1lY2FhLTExZTYtOGY4OC0zNDM2M2JjN2M0YzAiOnsiY3JlYXRlIjoxODAwMDAwMDAwMDAwLCJkZWxldGUiOjE4MDAwMDAwMDAwMDAsInJlYWQiOjMwMDAwMDAwMDAwMCwidXBkYXRlIjoxODAwMDAwMDAwMDAwfX0=",
          "dependencies": [
            "azurerm_mssql_database.MySQLDB",
            "azurerm_mssql_server.MySQLServer",
            "azurerm_resource_group.MyRG"
          ]
        }
      ]
    },
    {
      "mode": "managed",
      "type": "azurerm_mssql_firewall_rule",
      "name": "SQLfirewallrule",
      "provider": "provider[\"registry.terraform.io/hashicorp/azurerm\"]",
      "instances": [
        {
          "schema_version": 0,
          "attributes": {
            "end_ip_address": "156.214.251.90",
            "id": "/subscriptions/e43ccb45-8ab5-48fe-b42b-1ecd47ed0f76/resourceGroups/WebRG/providers/Microsoft.Sql/servers/bastawisisqlserver/firewallRules/AllowMyIP",
            "name": "AllowMyIP",
            "server_id": "/subscriptions/e43ccb45-8ab5-48fe-b42b-1ecd47ed0f76/resourceGroups/WebRG/providers/Microsoft.Sql/servers/bastawisisqlserver",
            "start_ip_address": "156.214.251.90",
            "timeouts": null
          },
          "sensitive_attributes": [],
          "private": "eyJlMmJmYjczMC1lY2FhLTExZTYtOGY4OC0zNDM2M2JjN2M0YzAiOnsiY3JlYXRlIjoxODAwMDAwMDAwMDAwLCJkZWxldGUiOjE4MDAwMDAwMDAwMDAsInJlYWQiOjMwMDAwMDAwMDAwMCwidXBkYXRlIjoxODAwMDAwMDAwMDAwfX0=",
          "dependencies": [
            "azurerm_mssql_server.MySQLServer",
            "azurerm_resource_group.MyRG"
          ]
        }
      ]
    },
    {
      "mode": "managed",
      "type": "azurerm_mssql_server",
      "name": "MySQLServer",
      "provider": "provider[\"registry.terraform.io/hashicorp/azurerm\"]",
      "instances": [
        {
          "schema_version": 0,
          "attributes": {
            "administrator_login": "CloudSAd5500197",
            "administrator_login_password": null,
            "azuread_administrator": [
              {
                "azuread_authentication_only": true,
                "login_username": "Hisham",
                "object_id": "3616fdcf-2b13-407d-a86e-4a1a79715b51",
                "tenant_id": "3da777c4-735a-4f58-976d-377cf571b4ff"
              }
            ],
            "connection_policy": "Default",
            "fully_qualified_domain_name": "bastawisisqlserver.database.windows.net",
            "id": "/subscriptions/e43ccb45-8ab5-48fe-b42b-1ecd47ed0f76/resourceGroups/WebRG/providers/Microsoft.Sql/servers/bastawisisqlserver",
            "identity": [],
            "location": "francecentral",
            "minimum_tls_version": "1.2",
            "name": "bastawisisqlserver",
            "outbound_network_restriction_enabled": false,
            "primary_user_assigned_identity_id": "",
            "public_network_access_enabled": true,
            "resource_group_name": "WebRG",
            "restorable_dropped_database_ids": [],
            "tags": {},
            "timeouts": null,
            "transparent_data_encryption_key_vault_key_id": "",
            "version": "12.0"
          },
          "sensitive_attributes": [
            [
              {
                "type": "get_attr",
                "value": "administrator_login_password"
              }
            ]
          ],
          "private": "eyJlMmJmYjczMC1lY2FhLTExZTYtOGY4OC0zNDM2M2JjN2M0YzAiOnsiY3JlYXRlIjozNjAwMDAwMDAwMDAwLCJkZWxldGUiOjM2MDAwMDAwMDAwMDAsInJlYWQiOjMwMDAwMDAwMDAwMCwidXBkYXRlIjozNjAwMDAwMDAwMDAwfX0=",
          "dependencies": [
            "azurerm_resource_group.MyRG"
          ]
        }
      ]
    },
    {
      "mode": "managed",
      "type": "azurerm_private_dns_a_record",
      "name": "SQL_DNS_Record",
      "provider": "provider[\"registry.terraform.io/hashicorp/azurerm\"]",
      "instances": [
        {
          "schema_version": 0,
          "attributes": {
            "fqdn": "bastawisisqlserver.privatelink.database.windows.net.",
            "id": "/subscriptions/e43ccb45-8ab5-48fe-b42b-1ecd47ed0f76/resourceGroups/WebRG/providers/Microsoft.Network/privateDnsZones/privatelink.database.windows.net/A/bastawisisqlserver",
            "name": "bastawisisqlserver",
            "records": [
              "10.0.1.4"
            ],
            "resource_group_name": "WebRG",
            "tags": {},
            "timeouts": null,
            "ttl": 300,
            "zone_name": "privatelink.database.windows.net"
          },
          "sensitive_attributes": [],
          "private": "eyJlMmJmYjczMC1lY2FhLTExZTYtOGY4OC0zNDM2M2JjN2M0YzAiOnsiY3JlYXRlIjoxODAwMDAwMDAwMDAwLCJkZWxldGUiOjE4MDAwMDAwMDAwMDAsInJlYWQiOjMwMDAwMDAwMDAwMCwidXBkYXRlIjoxODAwMDAwMDAwMDAwfX0=",
          "dependencies": [
            "azurerm_mssql_server.MySQLServer",
            "azurerm_private_dns_zone.SQL_DNS_ZONE",
            "azurerm_private_endpoint.SQLPrivateEndpoint",
            "azurerm_resource_group.MyRG",
            "azurerm_subnet.MySubnet",
            "azurerm_virtual_network.MyVNET"
          ]
        }
      ]
    },
    {
      "mode": "managed",
      "type": "azurerm_private_dns_zone",
      "name": "SQL_DNS_ZONE",
      "provider": "provider[\"registry.terraform.io/hashicorp/azurerm\"]",
      "instances": [
        {
          "schema_version": 0,
          "attributes": {
            "id": "/subscriptions/e43ccb45-8ab5-48fe-b42b-1ecd47ed0f76/resourceGroups/WebRG/providers/Microsoft.Network/privateDnsZones/privatelink.database.windows.net",
            "max_number_of_record_sets": 25000,
            "max_number_of_virtual_network_links": 1000,
            "max_number_of_virtual_network_links_with_registration": 100,
            "name": "privatelink.database.windows.net",
            "number_of_record_sets": 2,
            "resource_group_name": "WebRG",
            "soa_record": [
              {
                "email": "azureprivatedns-host.microsoft.com",
                "expire_time": 2419200,
                "fqdn": "privatelink.database.windows.net.",
                "host_name": "azureprivatedns.net",
                "minimum_ttl": 10,
                "refresh_time": 3600,
                "retry_time": 300,
                "serial_number": 1,
                "tags": {},
                "ttl": 3600
              }
            ],
            "tags": {},
            "timeouts": null
          },
          "sensitive_attributes": [],
          "private": "eyJlMmJmYjczMC1lY2FhLTExZTYtOGY4OC0zNDM2M2JjN2M0YzAiOnsiY3JlYXRlIjoxODAwMDAwMDAwMDAwLCJkZWxldGUiOjE4MDAwMDAwMDAwMDAsInJlYWQiOjMwMDAwMDAwMDAwMCwidXBkYXRlIjoxODAwMDAwMDAwMDAwfX0=",
          "dependencies": [
            "azurerm_resource_group.MyRG"
          ]
        }
      ]
    },
    {
      "mode": "managed",
      "type": "azurerm_private_dns_zone_virtual_network_link",
      "name": "SQL_DNS_VNET_Link",
      "provider": "provider[\"registry.terraform.io/hashicorp/azurerm\"]",
      "instances": [
        {
          "schema_version": 0,
          "attributes": {
            "id": "/subscriptions/e43ccb45-8ab5-48fe-b42b-1ecd47ed0f76/resourceGroups/WebRG/providers/Microsoft.Network/privateDnsZones/privatelink.database.windows.net/virtualNetworkLinks/sqlPrivateDnsVnetLink",
            "name": "sqlPrivateDnsVnetLink",
            "private_dns_zone_name": "privatelink.database.windows.net",
            "registration_enabled": false,
            "resource_group_name": "WebRG",
            "tags": {},
            "timeouts": null,
            "virtual_network_id": "/subscriptions/e43ccb45-8ab5-48fe-b42b-1ecd47ed0f76/resourceGroups/WebRG/providers/Microsoft.Network/virtualNetworks/MyVnet"
          },
          "sensitive_attributes": [],
          "private": "eyJlMmJmYjczMC1lY2FhLTExZTYtOGY4OC0zNDM2M2JjN2M0YzAiOnsiY3JlYXRlIjoxODAwMDAwMDAwMDAwLCJkZWxldGUiOjE4MDAwMDAwMDAwMDAsInJlYWQiOjMwMDAwMDAwMDAwMCwidXBkYXRlIjoxODAwMDAwMDAwMDAwfX0=",
          "dependencies": [
            "azurerm_private_dns_zone.SQL_DNS_ZONE",
            "azurerm_resource_group.MyRG",
            "azurerm_virtual_network.MyVNET"
          ]
        }
      ]
    },
    {
      "mode": "managed",
      "type": "azurerm_private_endpoint",
      "name": "SQLPrivateEndpoint",
      "provider": "provider[\"registry.terraform.io/hashicorp/azurerm\"]",
      "instances": [
        {
          "schema_version": 0,
          "attributes": {
            "custom_dns_configs": [
              {
                "fqdn": "bastawisisqlserver.database.windows.net",
                "ip_addresses": [
                  "10.0.1.4"
                ]
              }
            ],
            "custom_network_interface_name": "",
            "id": "/subscriptions/e43ccb45-8ab5-48fe-b42b-1ecd47ed0f76/resourceGroups/WebRG/providers/Microsoft.Network/privateEndpoints/sql-private-endpoint",
            "ip_configuration": [],
            "location": "francecentral",
            "name": "sql-private-endpoint",
            "network_interface": [
              {
                "id": "/subscriptions/e43ccb45-8ab5-48fe-b42b-1ecd47ed0f76/resourceGroups/WebRG/providers/Microsoft.Network/networkInterfaces/sql-private-endpoint.nic.38fc86f4-fd72-4271-8567-2e1fb4b2372c",
                "name": "sql-private-endpoint.nic.38fc86f4-fd72-4271-8567-2e1fb4b2372c"
              }
            ],
            "private_dns_zone_configs": [],
            "private_dns_zone_group": [],
            "private_service_connection": [
              {
                "is_manual_connection": false,
                "name": "SQLPrivateLink",
                "private_connection_resource_alias": "",
                "private_connection_resource_id": "/subscriptions/e43ccb45-8ab5-48fe-b42b-1ecd47ed0f76/resourceGroups/WebRG/providers/Microsoft.Sql/servers/bastawisisqlserver",
                "private_ip_address": "10.0.1.4",
                "request_message": "",
                "subresource_names": [
                  "sqlServer"
                ]
              }
            ],
            "resource_group_name": "WebRG",
            "subnet_id": "/subscriptions/e43ccb45-8ab5-48fe-b42b-1ecd47ed0f76/resourceGroups/WebRG/providers/Microsoft.Network/virtualNetworks/MyVnet/subnets/MySubnet",
            "tags": {},
            "timeouts": null
          },
          "sensitive_attributes": [],
          "private": "eyJlMmJmYjczMC1lY2FhLTExZTYtOGY4OC0zNDM2M2JjN2M0YzAiOnsiY3JlYXRlIjozNjAwMDAwMDAwMDAwLCJkZWxldGUiOjM2MDAwMDAwMDAwMDAsInJlYWQiOjMwMDAwMDAwMDAwMCwidXBkYXRlIjozNjAwMDAwMDAwMDAwfX0=",
          "dependencies": [
            "azurerm_mssql_server.MySQLServer",
            "azurerm_resource_group.MyRG",
            "azurerm_subnet.MySubnet",
            "azurerm_virtual_network.MyVNET"
          ]
        }
      ]
    },
    {
      "mode": "managed",
      "type": "azurerm_resource_group",
      "name": "MyRG",
      "provider": "provider[\"registry.terraform.io/hashicorp/azurerm\"]",
      "instances": [
        {
          "schema_version": 0,
          "attributes": {
            "id": "/subscriptions/e43ccb45-8ab5-48fe-b42b-1ecd47ed0f76/resourceGroups/WebRG",
            "location": "francecentral",
            "managed_by": "",
            "name": "WebRG",
            "tags": {},
            "timeouts": null
          },
          "sensitive_attributes": [],
          "private": "eyJlMmJmYjczMC1lY2FhLTExZTYtOGY4OC0zNDM2M2JjN2M0YzAiOnsiY3JlYXRlIjo1NDAwMDAwMDAwMDAwLCJkZWxldGUiOjU0MDAwMDAwMDAwMDAsInJlYWQiOjMwMDAwMDAwMDAwMCwidXBkYXRlIjo1NDAwMDAwMDAwMDAwfX0="
        }
      ]
    },
    {
      "mode": "managed",
      "type": "azurerm_service_plan",
      "name": "MyServicePlan",
      "provider": "provider[\"registry.terraform.io/hashicorp/azurerm\"]",
      "instances": [
        {
          "schema_version": 1,
          "attributes": {
            "app_service_environment_id": "",
            "id": "/subscriptions/e43ccb45-8ab5-48fe-b42b-1ecd47ed0f76/resourceGroups/WebRG/providers/Microsoft.Web/serverFarms/My-ServicePlan",
            "kind": "app",
            "location": "francecentral",
            "maximum_elastic_worker_count": 1,
            "name": "My-ServicePlan",
            "os_type": "Windows",
            "per_site_scaling_enabled": false,
            "reserved": false,
            "resource_group_name": "WebRG",
            "sku_name": "B1",
            "tags": {},
            "timeouts": null,
            "worker_count": 1,
            "zone_balancing_enabled": false
          },
          "sensitive_attributes": [],
          "private": "eyJlMmJmYjczMC1lY2FhLTExZTYtOGY4OC0zNDM2M2JjN2M0YzAiOnsiY3JlYXRlIjozNjAwMDAwMDAwMDAwLCJkZWxldGUiOjM2MDAwMDAwMDAwMDAsInJlYWQiOjMwMDAwMDAwMDAwMCwidXBkYXRlIjozNjAwMDAwMDAwMDAwfSwic2NoZW1hX3ZlcnNpb24iOiIxIn0=",
          "dependencies": [
            "azurerm_resource_group.MyRG"
          ]
        }
      ]
    },
    {
      "mode": "managed",
      "type": "azurerm_subnet",
      "name": "IntegrationSubnet",
      "provider": "provider[\"registry.terraform.io/hashicorp/azurerm\"]",
      "instances": [
        {
          "schema_version": 0,
          "attributes": {
            "address_prefixes": [
              "10.0.2.0/24"
            ],
            "default_outbound_access_enabled": true,
            "delegation": [
              {
                "name": "WebAppDelegation",
                "service_delegation": [
                  {
                    "actions": [
                      "Microsoft.Network/virtualNetworks/subnets/action"
                    ],
                    "name": "Microsoft.Web/serverFarms"
                  }
                ]
              }
            ],
            "id": "/subscriptions/e43ccb45-8ab5-48fe-b42b-1ecd47ed0f76/resourceGroups/WebRG/providers/Microsoft.Network/virtualNetworks/MyVnet/subnets/IntegrationSubnet",
            "name": "IntegrationSubnet",
            "private_endpoint_network_policies": "Disabled",
            "private_link_service_network_policies_enabled": true,
            "resource_group_name": "WebRG",
            "service_endpoint_policy_ids": null,
            "service_endpoints": null,
            "timeouts": null,
            "virtual_network_name": "MyVnet"
          },
          "sensitive_attributes": [],
          "private": "eyJlMmJmYjczMC1lY2FhLTExZTYtOGY4OC0zNDM2M2JjN2M0YzAiOnsiY3JlYXRlIjoxODAwMDAwMDAwMDAwLCJkZWxldGUiOjE4MDAwMDAwMDAwMDAsInJlYWQiOjMwMDAwMDAwMDAwMCwidXBkYXRlIjoxODAwMDAwMDAwMDAwfX0=",
          "dependencies": [
            "azurerm_resource_group.MyRG",
            "azurerm_virtual_network.MyVNET"
          ]
        }
      ]
    },
    {
      "mode": "managed",
      "type": "azurerm_subnet",
      "name": "MySubnet",
      "provider": "provider[\"registry.terraform.io/hashicorp/azurerm\"]",
      "instances": [
        {
          "schema_version": 0,
          "attributes": {
            "address_prefixes": [
              "10.0.1.0/24"
            ],
            "default_outbound_access_enabled": true,
            "delegation": [],
            "id": "/subscriptions/e43ccb45-8ab5-48fe-b42b-1ecd47ed0f76/resourceGroups/WebRG/providers/Microsoft.Network/virtualNetworks/MyVnet/subnets/MySubnet",
            "name": "MySubnet",
            "private_endpoint_network_policies": "Disabled",
            "private_link_service_network_policies_enabled": true,
            "resource_group_name": "WebRG",
            "service_endpoint_policy_ids": [],
            "service_endpoints": [],
            "timeouts": null,
            "virtual_network_name": "MyVnet"
          },
          "sensitive_attributes": [],
          "private": "eyJlMmJmYjczMC1lY2FhLTExZTYtOGY4OC0zNDM2M2JjN2M0YzAiOnsiY3JlYXRlIjoxODAwMDAwMDAwMDAwLCJkZWxldGUiOjE4MDAwMDAwMDAwMDAsInJlYWQiOjMwMDAwMDAwMDAwMCwidXBkYXRlIjoxODAwMDAwMDAwMDAwfX0=",
          "dependencies": [
            "azurerm_resource_group.MyRG",
            "azurerm_virtual_network.MyVNET"
          ]
        }
      ]
    },
    {
      "mode": "managed",
      "type": "azurerm_virtual_network",
      "name": "MyVNET",
      "provider": "provider[\"registry.terraform.io/hashicorp/azurerm\"]",
      "instances": [
        {
          "schema_version": 0,
          "attributes": {
            "address_space": [
              "10.0.0.0/16"
            ],
            "bgp_community": "",
            "ddos_protection_plan": [],
            "dns_servers": [],
            "edge_zone": "",
            "encryption": [],
            "flow_timeout_in_minutes": 0,
            "guid": "344686ee-df3f-4f7d-b68d-23987acf2361",
            "id": "/subscriptions/e43ccb45-8ab5-48fe-b42b-1ecd47ed0f76/resourceGroups/WebRG/providers/Microsoft.Network/virtualNetworks/MyVnet",
            "location": "francecentral",
            "name": "MyVnet",
            "resource_group_name": "WebRG",
            "subnet": [
              {
                "address_prefixes": [
                  "10.0.1.0/24"
                ],
                "default_outbound_access_enabled": true,
                "delegation": [],
                "id": "/subscriptions/e43ccb45-8ab5-48fe-b42b-1ecd47ed0f76/resourceGroups/WebRG/providers/Microsoft.Network/virtualNetworks/MyVnet/subnets/MySubnet",
                "name": "MySubnet",
                "private_endpoint_network_policies": "Disabled",
                "private_link_service_network_policies_enabled": true,
                "route_table_id": "",
                "security_group": "",
                "service_endpoint_policy_ids": [],
                "service_endpoints": []
              }
            ],
            "tags": {},
            "timeouts": null
          },
          "sensitive_attributes": [],
          "private": "eyJlMmJmYjczMC1lY2FhLTExZTYtOGY4OC0zNDM2M2JjN2M0YzAiOnsiY3JlYXRlIjoxODAwMDAwMDAwMDAwLCJkZWxldGUiOjE4MDAwMDAwMDAwMDAsInJlYWQiOjMwMDAwMDAwMDAwMCwidXBkYXRlIjoxODAwMDAwMDAwMDAwfX0=",
          "dependencies": [
            "azurerm_resource_group.MyRG"
          ]
        }
      ]
    },
    {
      "mode": "managed",
      "type": "azurerm_windows_web_app",
      "name": "MyWebApp",
      "provider": "provider[\"registry.terraform.io/hashicorp/azurerm\"]",
      "instances": [
        {
          "schema_version": 1,
          "attributes": {
            "app_settings": {
              "APPLICATIONINSIGHTS_CONNECTION_STRING": "InstrumentationKey=37b037da-137a-40ef-8932-91fa7c65335a;IngestionEndpoint=https://francecentral-1.in.applicationinsights.azure.com/;LiveEndpoint=https://francecentral.livediagnostics.monitor.azure.com/;ApplicationId=48aaafac-c0bf-487a-afe6-2c025c51f0fc"
            },
            "auth_settings": [],
            "auth_settings_v2": [],
            "backup": [],
            "client_affinity_enabled": false,
            "client_certificate_enabled": false,
            "client_certificate_exclusion_paths": "",
            "client_certificate_mode": "Required",
            "connection_string": [
              {
                "name": "MyDbConnection",
                "type": "SQLAzure",
                "value": "Server=bastawisisqlserver.privatelink.database.windows.net;Database=SP;User ID=Hisham;Password=\u003cYourPassword\u003e;Trusted_Connection=False;Encrypt=True;"
              }
            ],
            "custom_domain_verification_id": "1D1B3A7DB047425184C8D11B51A76F852700E6429E512D25C6160E0AD55A0963",
            "default_hostname": "bastawisiwebapp.azurewebsites.net",
            "enabled": true,
            "ftp_publish_basic_authentication_enabled": true,
            "hosting_environment_id": "",
            "https_only": false,
            "id": "/subscriptions/e43ccb45-8ab5-48fe-b42b-1ecd47ed0f76/resourceGroups/WebRG/providers/Microsoft.Web/sites/Bastawisiwebapp",
            "identity": [],
            "key_vault_reference_identity_id": "SystemAssigned",
            "kind": "app",
            "location": "francecentral",
            "logs": [],
            "name": "Bastawisiwebapp",
            "outbound_ip_address_list": [
              "51.103.0.54",
              "51.103.4.31",
              "51.103.5.0",
              "51.103.5.19",
              "51.103.5.26",
              "51.103.5.53",
              "20.111.1.0"
            ],
            "outbound_ip_addresses": "51.103.0.54,51.103.4.31,51.103.5.0,51.103.5.19,51.103.5.26,51.103.5.53,20.111.1.0",
            "possible_outbound_ip_address_list": [
              "51.103.0.54",
              "51.103.4.31",
              "51.103.5.0",
              "51.103.5.19",
              "51.103.5.26",
              "51.103.5.53",
              "51.103.5.67",
              "51.103.5.120",
              "51.103.5.122",
              "51.103.5.156",
              "51.103.5.163",
              "51.103.5.188",
              "51.103.7.4",
              "51.103.7.59",
              "51.103.7.60",
              "51.103.7.91",
              "51.103.7.107",
              "51.103.7.113",
              "51.103.7.117",
              "51.103.7.135",
              "51.103.6.4",
              "51.103.7.150",
              "51.103.7.162",
              "51.103.7.167",
              "51.103.4.157",
              "51.103.7.177",
              "51.103.7.201",
              "51.103.7.206",
              "51.103.3.118",
              "51.103.7.208",
              "20.111.1.0"
            ],
            "possible_outbound_ip_addresses": "51.103.0.54,51.103.4.31,51.103.5.0,51.103.5.19,51.103.5.26,51.103.5.53,51.103.5.67,51.103.5.120,51.103.5.122,51.103.5.156,51.103.5.163,51.103.5.188,51.103.7.4,51.103.7.59,51.103.7.60,51.103.7.91,51.103.7.107,51.103.7.113,51.103.7.117,51.103.7.135,51.103.6.4,51.103.7.150,51.103.7.162,51.103.7.167,51.103.4.157,51.103.7.177,51.103.7.201,51.103.7.206,51.103.3.118,51.103.7.208,20.111.1.0",
            "public_network_access_enabled": true,
            "resource_group_name": "WebRG",
            "service_plan_id": "/subscriptions/e43ccb45-8ab5-48fe-b42b-1ecd47ed0f76/resourceGroups/WebRG/providers/Microsoft.Web/serverFarms/My-ServicePlan",
            "site_config": [
              {
                "always_on": true,
                "api_definition_url": "",
                "api_management_api_id": "",
                "app_command_line": "",
                "application_stack": [
                  {
                    "current_stack": "dotnet",
                    "docker_image_name": "",
                    "docker_registry_password": "",
                    "docker_registry_url": "",
                    "docker_registry_username": "",
                    "dotnet_core_version": "",
                    "dotnet_version": "v6.0",
                    "java_container": "",
                    "java_container_version": "",
                    "java_embedded_server_enabled": false,
                    "java_version": "",
                    "node_version": "",
                    "php_version": "5.6",
                    "python": false,
                    "tomcat_version": ""
                  }
                ],
                "auto_heal_setting": [],
                "container_registry_managed_identity_client_id": "",
                "container_registry_use_managed_identity": false,
                "cors": [],
                "default_documents": [
                  "Default.htm",
                  "Default.html",
                  "Default.asp",
                  "index.htm",
                  "index.html",
                  "iisstart.htm",
                  "default.aspx",
                  "index.php",
                  "hostingstart.html"
                ],
                "detailed_error_logging_enabled": false,
                "ftps_state": "Disabled",
                "handler_mapping": [],
                "health_check_eviction_time_in_min": 0,
                "health_check_path": "",
                "http2_enabled": false,
                "ip_restriction": [],
                "ip_restriction_default_action": "Allow",
                "linux_fx_version": "",
                "load_balancing_mode": "LeastRequests",
                "local_mysql_enabled": false,
                "managed_pipeline_mode": "Integrated",
                "minimum_tls_version": "1.2",
                "remote_debugging_enabled": false,
                "remote_debugging_version": "VS2022",
                "scm_ip_restriction": [],
                "scm_ip_restriction_default_action": "Allow",
                "scm_minimum_tls_version": "1.2",
                "scm_type": "None",
                "scm_use_main_ip_restriction": false,
                "use_32_bit_worker": true,
                "virtual_application": [],
                "vnet_route_all_enabled": false,
                "websockets_enabled": false,
                "windows_fx_version": "",
                "worker_count": 1
              }
            ],
            "site_credential": [
              {
                "name": "$Bastawisiwebapp",
                "password": "HriJb6sqdlW5g1nHJcsstowp0mRPkRBjSG2xlLmLYsoFfAHxNdNR9CsHBSzi"
              }
            ],
            "sticky_settings": [],
            "storage_account": [],
            "tags": {},
            "timeouts": null,
            "virtual_network_subnet_id": "",
            "webdeploy_publish_basic_authentication_enabled": true,
            "zip_deploy_file": ""
          },
          "sensitive_attributes": [
            [
              {
                "type": "get_attr",
                "value": "custom_domain_verification_id"
              }
            ],
            [
              {
                "type": "get_attr",
                "value": "site_credential"
              }
            ],
            [
              {
                "type": "get_attr",
                "value": "site_config"
              },
              {
                "type": "index",
                "value": {
                  "value": 0,
                  "type": "number"
                }
              },
              {
                "type": "get_attr",
                "value": "application_stack"
              },
              {
                "type": "index",
                "value": {
                  "value": 0,
                  "type": "number"
                }
              },
              {
                "type": "get_attr",
                "value": "docker_registry_password"
              }
            ],
            [
              {
                "type": "get_attr",
                "value": "connection_string"
              }
            ],
            [
              {
                "type": "get_attr",
                "value": "app_settings"
              },
              {
                "type": "index",
                "value": {
                  "value": "APPLICATIONINSIGHTS_CONNECTION_STRING",
                  "type": "string"
                }
              }
            ]
          ],
          "private": "eyJlMmJmYjczMC1lY2FhLTExZTYtOGY4OC0zNDM2M2JjN2M0YzAiOnsiY3JlYXRlIjoxODAwMDAwMDAwMDAwLCJkZWxldGUiOjE4MDAwMDAwMDAwMDAsInJlYWQiOjMwMDAwMDAwMDAwMCwidXBkYXRlIjoxODAwMDAwMDAwMDAwfSwic2NoZW1hX3ZlcnNpb24iOiIxIn0=",
          "dependencies": [
            "azurerm_application_insights.MyAppinsights",
            "azurerm_log_analytics_workspace.MyworkSpace",
            "azurerm_mssql_database.MySQLDB",
            "azurerm_mssql_server.MySQLServer",
            "azurerm_resource_group.MyRG",
            "azurerm_service_plan.MyServicePlan"
          ]
        }
      ]
    }
  ],
  "check_results": null
}
